
Microsoft Visual Studio Solution File, Format Version 12.00
# Visual Studio Version 16
VisualStudioVersion = 16.0.30611.23
MinimumVisualStudioVersion = 10.0.40219.1
Project("{FAE04EC0-301F-11D3-BF4B-00C04F79EFBC}") = "dotNet5781_00_3169_8515", "dotNet5781_00_3169_8515\dotNet5781_00_3169_8515.csproj", "{13422A31-2AD2-4AB3-8942-A01886ADF8D4}"
EndProject
Project("{FAE04EC0-301F-11D3-BF4B-00C04F79EFBC}") = "dotNet5781_01_3169_8515", "dotNet5781_01_3169_8515\dotNet5781_01_3169_8515.csproj", "{F23AFE3D-6673-4F0D-9275-12C581F9ACE8}"
EndProject
Project("{FAE04EC0-301F-11D3-BF4B-00C04F79EFBC}") = "dotNet5781_02_3169_8515", "dotNet5781_02_3169_8515\dotNet5781_02_3169_8515.csproj", "{9910F222-27A4-400E-B1DE-236DABDB4923}"
EndProject
Global
	GlobalSection(SolutionConfigurationPlatforms) = preSolution
		Debug|Any CPU = Debug|Any CPU
		Release|Any CPU = Release|Any CPU
	EndGlobalSection
	GlobalSection(ProjectConfigurationPlatforms) = postSolution
		{13422A31-2AD2-4AB3-8942-A01886ADF8D4}.Debug|Any CPU.ActiveCfg = Debug|Any CPU
		{13422A31-2AD2-4AB3-8942-A01886ADF8D4}.Debug|Any CPU.Build.0 = Debug|Any CPU
		{13422A31-2AD2-4AB3-8942-A01886ADF8D4}.Release|Any CPU.ActiveCfg = Release|Any CPU
		{13422A31-2AD2-4AB3-8942-A01886ADF8D4}.Release|Any CPU.Build.0 = Release|Any CPU
		{F23AFE3D-6673-4F0D-9275-12C581F9ACE8}.Debug|Any CPU.ActiveCfg = Debug|Any CPU
		{F23AFE3D-6673-4F0D-9275-12C581F9ACE8}.Debug|Any CPU.Build.0 = Debug|Any CPU
		{F23AFE3D-6673-4F0D-9275-12C581F9ACE8}.Release|Any CPU.ActiveCfg = Release|Any CPU
		{F23AFE3D-6673-4F0D-9275-12C581F9ACE8}.Release|Any CPU.Build.0 = Release|Any CPU
		{9910F222-27A4-400E-B1DE-236DABDB4923}.Debug|Any CPU.ActiveCfg = Debug|Any CPU
		{9910F222-27A4-400E-B1DE-236DABDB4923}.Debug|Any CPU.Build.0 = Debug|Any CPU
		{9910F222-27A4-400E-B1DE-236DABDB4923}.Release|Any CPU.ActiveCfg = Release|Any CPU
		{9910F222-27A4-400E-B1DE-236DABDB4923}.Release|Any CPU.Build.0 = Release|Any CPU
	EndGlobalSection
	GlobalSection(SolutionProperties) = preSolution
		HideSolutionNode = FALSE
	EndGlobalSection
	GlobalSection(ExtensibilityGlobals) = postSolution
		SolutionGuid = {714FCCB2-286E-4564-A470-ED22C560A545}
	EndGlobalSection
EndGlobal
